// !$*UTF8*$!
{
	archiveVersion = 1;
	classes = {
	};
	objectVersion = 56;
	objects = {

/* Begin PBXBuildFile section */
		67C3448216CC4877A2ACE976 /* Pods_QiitaApiWithSwiftUIAlamofire.framework in Frameworks */ = {isa = PBXBuildFile; fileRef = A920CB0002F2AC127A24D74C /* Pods_QiitaApiWithSwiftUIAlamofire.framework */; };
		F0CF0B842AB5DBAE00B28C52 /* QiitaApiWithSwiftUIAlamofireApp.swift in Sources */ = {isa = PBXBuildFile; fileRef = F0CF0B832AB5DBAE00B28C52 /* QiitaApiWithSwiftUIAlamofireApp.swift */; };
		F0CF0B862AB5DBAE00B28C52 /* ContentView.swift in Sources */ = {isa = PBXBuildFile; fileRef = F0CF0B852AB5DBAE00B28C52 /* ContentView.swift */; };
		F0CF0B882AB5DBB300B28C52 /* Assets.xcassets in Resources */ = {isa = PBXBuildFile; fileRef = F0CF0B872AB5DBB300B28C52 /* Assets.xcassets */; };
		F0CF0B922AB5DC3100B28C52 /* models.swift in Sources */ = {isa = PBXBuildFile; fileRef = F0CF0B912AB5DC3100B28C52 /* models.swift */; };
/* End PBXBuildFile section */

/* Begin PBXFileReference section */
		644794A320FAC9C9A009BAB4 /* Pods-QiitaApiWithSwiftUIAlamofire.release.xcconfig */ = {isa = PBXFileReference; includeInIndex = 1; lastKnownFileType = text.xcconfig; name = "Pods-QiitaApiWithSwiftUIAlamofire.release.xcconfig"; path = "Target Support Files/Pods-QiitaApiWithSwiftUIAlamofire/Pods-QiitaApiWithSwiftUIAlamofire.release.xcconfig"; sourceTree = "<group>"; };
		A920CB0002F2AC127A24D74C /* Pods_QiitaApiWithSwiftUIAlamofire.framework */ = {isa = PBXFileReference; explicitFileType = wrapper.framework; includeInIndex = 0; path = Pods_QiitaApiWithSwiftUIAlamofire.framework; sourceTree = BUILT_PRODUCTS_DIR; };
		CEAE36C1BEE55CCAC09CD6D8 /* Pods-QiitaApiWithSwiftUIAlamofire.debug.xcconfig */ = {isa = PBXFileReference; includeInIndex = 1; lastKnownFileType = text.xcconfig; name = "Pods-QiitaApiWithSwiftUIAlamofire.debug.xcconfig"; path = "Target Support Files/Pods-QiitaApiWithSwiftUIAlamofire/Pods-QiitaApiWithSwiftUIAlamofire.debug.xcconfig"; sourceTree = "<group>"; };
		F0CF0B802AB5DBAE00B28C52 /* QiitaApiWithSwiftUIAlamofire.app */ = {isa = PBXFileReference; explicitFileType = wrapper.application; includeInIndex = 0; path = QiitaApiWithSwiftUIAlamofire.app; sourceTree = BUILT_PRODUCTS_DIR; };
		F0CF0B832AB5DBAE00B28C52 /* QiitaApiWithSwiftUIAlamofireApp.swift */ = {isa = PBXFileReference; lastKnownFileType = sourcecode.swift; path = QiitaApiWithSwiftUIAlamofireApp.swift; sourceTree = "<group>"; };
		F0CF0B852AB5DBAE00B28C52 /* ContentView.swift */ = {isa = PBXFileReference; lastKnownFileType = sourcecode.swift; path = ContentView.swift; sourceTree = "<group>"; };
		F0CF0B872AB5DBB300B28C52 /* Assets.xcassets */ = {isa = PBXFileReference; lastKnownFileType = folder.assetcatalog; path = Assets.xcassets; sourceTree = "<group>"; };
		F0CF0B912AB5DC3100B28C52 /* models.swift */ = {isa = PBXFileReference; lastKnownFileType = sourcecode.swift; name = models.swift; path = "Preview Content/models.swift"; sourceTree = "<group>"; };
/* End PBXFileReference section */

/* Begin PBXFrameworksBuildPhase section */
		F0CF0B7D2AB5DBAE00B28C52 /* Frameworks */ = {
			isa = PBXFrameworksBuildPhase;
			buildActionMask = 2147483647;
			files = (
				67C3448216CC4877A2ACE976 /* Pods_QiitaApiWithSwiftUIAlamofire.framework in Frameworks */,
			);
			runOnlyForDeploymentPostprocessing = 0;
		};
/* End PBXFrameworksBuildPhase section */

/* Begin PBXGroup section */
		3B2DC9A408A8CD62B32596B9 /* Frameworks */ = {
			isa = PBXGroup;
			children = (
				A920CB0002F2AC127A24D74C /* Pods_QiitaApiWithSwiftUIAlamofire.framework */,
			);
			name = Frameworks;
			sourceTree = "<group>";
		};
		7DA5B71CA06EB95051FA6692 /* Pods */ = {
			isa = PBXGroup;
			children = (
				CEAE36C1BEE55CCAC09CD6D8 /* Pods-QiitaApiWithSwiftUIAlamofire.debug.xcconfig */,
				644794A320FAC9C9A009BAB4 /* Pods-QiitaApiWithSwiftUIAlamofire.release.xcconfig */,
			);
			path = Pods;
			sourceTree = "<group>";
		};
		F0CF0B772AB5DBAE00B28C52 = {
			isa = PBXGroup;
			children = (
				F0CF0B822AB5DBAE00B28C52 /* QiitaApiWithSwiftUIAlamofire */,
				F0CF0B812AB5DBAE00B28C52 /* Products */,
				7DA5B71CA06EB95051FA6692 /* Pods */,
				3B2DC9A408A8CD62B32596B9 /* Frameworks */,
			);
			sourceTree = "<group>";
		};
		F0CF0B812AB5DBAE00B28C52 /* Products */ = {
			isa = PBXGroup;
			children = (
				F0CF0B802AB5DBAE00B28C52 /* QiitaApiWithSwiftUIAlamofire.app */,
			);
			name = Products;
			sourceTree = "<group>";
		};
		F0CF0B822AB5DBAE00B28C52 /* QiitaApiWithSwiftUIAlamofire */ = {
			isa = PBXGroup;
			children = (
				F0CF0B832AB5DBAE00B28C52 /* QiitaApiWithSwiftUIAlamofireApp.swift */,
				F0CF0B852AB5DBAE00B28C52 /* ContentView.swift */,
				F0CF0B912AB5DC3100B28C52 /* models.swift */,
				F0CF0B872AB5DBB300B28C52 /* Assets.xcassets */,
			);
			path = QiitaApiWithSwiftUIAlamofire;
			sourceTree = "<group>";
		};
/* End PBXGroup section */

/* Begin PBXNativeTarget section */
		F0CF0B7F2AB5DBAE00B28C52 /* QiitaApiWithSwiftUIAlamofire */ = {
			isa = PBXNativeTarget;
			buildConfigurationList = F0CF0B8E2AB5DBB300B28C52 /* Build configuration list for PBXNativeTarget "QiitaApiWithSwiftUIAlamofire" */;
			buildPhases = (
				F8F17ECD610ABFE882DEFC80 /* [CP] Check Pods Manifest.lock */,
				F0CF0B7C2AB5DBAE00B28C52 /* Sources */,
				F0CF0B7D2AB5DBAE00B28C52 /* Frameworks */,
				F0CF0B7E2AB5DBAE00B28C52 /* Resources */,
				EB65CEA905206B18C8A290AB /* [CP] Embed Pods Frameworks */,
			);
			buildRules = (
			);
			dependencies = (
			);
			name = QiitaApiWithSwiftUIAlamofire;
			productName = QiitaApiWithSwiftUIAlamofire;
			productReference = F0CF0B802AB5DBAE00B28C52 /* QiitaApiWithSwiftUIAlamofire.app */;
			productType = "com.apple.product-type.application";
		};
/* End PBXNativeTarget section */

/* Begin PBXProject section */
		F0CF0B782AB5DBAE00B28C52 /* Project object */ = {
			isa = PBXProject;
			attributes = {
				BuildIndependentTargetsInParallel = 1;
				LastSwiftUpdateCheck = 1400;
				LastUpgradeCheck = 1400;
				TargetAttributes = {
					F0CF0B7F2AB5DBAE00B28C52 = {
						CreatedOnToolsVersion = 14.0.1;
					};
				};
			};
			buildConfigurationList = F0CF0B7B2AB5DBAE00B28C52 /* Build configuration list for PBXProject "QiitaApiWithSwiftUIAlamofire" */;
			compatibilityVersion = "Xcode 14.0";
			developmentRegion = en;
			hasScannedForEncodings = 0;
			knownRegions = (
				en,
				Base,
			);
			mainGroup = F0CF0B772AB5DBAE00B28C52;
			productRefGroup = F0CF0B812AB5DBAE00B28C52 /* Products */;
			projectDirPath = "";
			projectRoot = "";
			targets = (
				F0CF0B7F2AB5DBAE00B28C52 /* QiitaApiWithSwiftUIAlamofire */,
			);
		};
/* End PBXProject section */

/* Begin PBXResourcesBuildPhase section */
		F0CF0B7E2AB5DBAE00B28C52 /* Resources */ = {
			isa = PBXResourcesBuildPhase;
			buildActionMask = 2147483647;
			files = (
				F0CF0B882AB5DBB300B28C52 /* Assets.xcassets in Resources */,
			);
			runOnlyForDeploymentPostprocessing = 0;
		};
/* End PBXResourcesBuildPhase section */

/* Begin PBXShellScriptBuildPhase section */
		EB65CEA905206B18C8A290AB /* [CP] Embed Pods Frameworks */ = {
			isa = PBXShellScriptBuildPhase;
			buildActionMask = 2147483647;
			files = (
			);
			inputFileListPaths = (
				"${PODS_ROOT}/Target Support Files/Pods-QiitaApiWithSwiftUIAlamofire/Pods-QiitaApiWithSwiftUIAlamofire-frameworks-${CONFIGURATION}-input-files.xcfilelist",
			);
			name = "[CP] Embed Pods Frameworks";
			outputFileListPaths = (
				"${PODS_ROOT}/Target Support Files/Pods-QiitaApiWithSwiftUIAlamofire/Pods-QiitaApiWithSwiftUIAlamofire-frameworks-${CONFIGURATION}-output-files.xcfilelist",
			);
			runOnlyForDeploymentPostprocessing = 0;
			shellPath = /bin/sh;
			shellScript = "\"${PODS_ROOT}/Target Support Files/Pods-QiitaApiWithSwiftUIAlamofire/Pods-QiitaApiWithSwiftUIAlamofire-frameworks.sh\"\n";
			showEnvVarsInLog = 0;
		};
		F8F17ECD610ABFE882DEFC80 /* [CP] Check Pods Manifest.lock */ = {
			isa = PBXShellScriptBuildPhase;
			buildActionMask = 2147483647;
			files = (
			);
			inputFileListPaths = (
			);
			inputPaths = (
				"${PODS_PODFILE_DIR_PATH}/Podfile.lock",
				"${PODS_ROOT}/Manifest.lock",
			);
			name = "[CP] Check Pods Manifest.lock";
			outputFileListPaths = (
			);
			outputPaths = (
				"$(DERIVED_FILE_DIR)/Pods-QiitaApiWithSwiftUIAlamofire-checkManifestLockResult.txt",
			);
			runOnlyForDeploymentPostprocessing = 0;
			shellPath = /bin/sh;
			shellScript = "diff \"${PODS_PODFILE_DIR_PATH}/Podfile.lock\" \"${PODS_ROOT}/Manifest.lock\" > /dev/null\nif [ $? != 0 ] ; then\n    # print error to STDERR\n    echo \"error: The sandbox is not in sync with the Podfile.lock. Run 'pod install' or update your CocoaPods installation.\" >&2\n    exit 1\nfi\n# This output is used by Xcode 'outputs' to avoid re-running this script phase.\necho \"SUCCESS\" > \"${SCRIPT_OUTPUT_FILE_0}\"\n";
			showEnvVarsInLog = 0;
		};
/* End PBXShellScriptBuildPhase section */

/* Begin PBXSourcesBuildPhase section */
		F0CF0B7C2AB5DBAE00B28C52 /* Sources */ = {
			isa = PBXSourcesBuildPhase;
			buildActionMask = 2147483647;
			files = (
				F0CF0B862AB5DBAE00B28C52 /* ContentView.swift in Sources */,
				F0CF0B922AB5DC3100B28C52 /* models.swift in Sources */,
				F0CF0B842AB5DBAE00B28C52 /* QiitaApiWithSwiftUIAlamofireApp.swift in Sources */,
			);
			runOnlyForDeploymentPostprocessing = 0;
		};
/* End PBXSourcesBuildPhase section */

/* Begin XCBuildConfiguration section */
		F0CF0B8C2AB5DBB300B28C52 /* Debug */ = {
			isa = XCBuildConfiguration;
			buildSettings = {
				ALWAYS_SEARCH_USER_PATHS = NO;
				CLANG_ANALYZER_NONNULL = YES;
				CLANG_ANALYZER_NUMBER_OBJECT_CONVERSION = YES_AGGRESSIVE;
				CLANG_CXX_LANGUAGE_STANDARD = "gnu++20";
				CLANG_ENABLE_MODULES = YES;
				CLANG_ENABLE_OBJC_ARC = YES;
				CLANG_ENABLE_OBJC_WEAK = YES;
				CLANG_WARN_BLOCK_CAPTURE_AUTORELEASING = YES;
				CLANG_WARN_BOOL_CONVERSION = YES;
				CLANG_WARN_COMMA = YES;
				CLANG_WARN_CONSTANT_CONVERSION = YES;
				CLANG_WARN_DEPRECATED_OBJC_IMPLEMENTATIONS = YES;
				CLANG_WARN_DIRECT_OBJC_ISA_USAGE = YES_ERROR;
				CLANG_WARN_DOCUMENTATION_COMMENTS = YES;
				CLANG_WARN_EMPTY_BODY = YES;
				CLANG_WARN_ENUM_CONVERSION = YES;
				CLANG_WARN_INFINITE_RECURSION = YES;
				CLANG_WARN_INT_CONVERSION = YES;
				CLANG_WARN_NON_LITERAL_NULL_CONVERSION = YES;
				CLANG_WARN_OBJC_IMPLICIT_RETAIN_SELF = YES;
				CLANG_WARN_OBJC_LITERAL_CONVERSION = YES;
				CLANG_WARN_OBJC_ROOT_CLASS = YES_ERROR;
				CLANG_WARN_QUOTED_INCLUDE_IN_FRAMEWORK_HEADER = YES;
				CLANG_WARN_RANGE_LOOP_ANALYSIS = YES;
				CLANG_WARN_STRICT_PROTOTYPES = YES;
				CLANG_WARN_SUSPICIOUS_MOVE = YES;
				CLANG_WARN_UNGUARDED_AVAILABILITY = YES_AGGRESSIVE;
				CLANG_WARN_UNREACHABLE_CODE = YES;
				CLANG_WARN__DUPLICATE_METHOD_MATCH = YES;
				COPY_PHASE_STRIP = NO;
				DEBUG_INFORMATION_FORMAT = dwarf;
				ENABLE_STRICT_OBJC_MSGSEND = YES;
				ENABLE_TESTABILITY = YES;
				GCC_C_LANGUAGE_STANDARD = gnu11;
				GCC_DYNAMIC_NO_PIC = NO;
				GCC_NO_COMMON_BLOCKS = YES;
				GCC_OPTIMIZATION_LEVEL = 0;
				GCC_PREPROCESSOR_DEFINITIONS = (
					"DEBUG=1",
					"$(inherited)",
				);
				GCC_WARN_64_TO_32_BIT_CONVERSION = YES;
				GCC_WARN_ABOUT_RETURN_TYPE = YES_ERROR;
				GCC_WARN_UNDECLARED_SELECTOR = YES;
				GCC_WARN_UNINITIALIZED_AUTOS = YES_AGGRESSIVE;
				GCC_WARN_UNUSED_FUNCTION = YES;
				GCC_WARN_UNUSED_VARIABLE = YES;
				IPHONEOS_DEPLOYMENT_TARGET = 16.0;
				MTL_ENABLE_DEBUG_INFO = INCLUDE_SOURCE;
				MTL_FAST_MATH = YES;
				ONLY_ACTIVE_ARCH = YES;
				SDKROOT = iphoneos;
				SWIFT_ACTIVE_COMPILATION_CONDITIONS = DEBUG;
				SWIFT_OPTIMIZATION_LEVEL = "-Onone";
			};
			name = Debug;
		};
		F0CF0B8D2AB5DBB300B28C52 /* Release */ = {
			isa = XCBuildConfiguration;
			buildSettings = {
				ALWAYS_SEARCH_USER_PATHS = NO;
				CLANG_ANALYZER_NONNULL = YES;
				CLANG_ANALYZER_NUMBER_OBJECT_CONVERSION = YES_AGGRESSIVE;
				CLANG_CXX_LANGUAGE_STANDARD = "gnu++20";
				CLANG_ENABLE_MODULES = YES;
				CLANG_ENABLE_OBJC_ARC = YES;
				CLANG_ENABLE_OBJC_WEAK = YES;
				CLANG_WARN_BLOCK_CAPTURE_AUTORELEASING = YES;
				CLANG_WARN_BOOL_CONVERSION = YES;
				CLANG_WARN_COMMA = YES;
				CLANG_WARN_CONSTANT_CONVERSION = YES;
				CLANG_WARN_DEPRECATED_OBJC_IMPLEMENTATIONS = YES;
				CLANG_WARN_DIRECT_OBJC_ISA_USAGE = YES_ERROR;
				CLANG_WARN_DOCUMENTATION_COMMENTS = YES;
				CLANG_WARN_EMPTY_BODY = YES;
				CLANG_WARN_ENUM_CONVERSION = YES;
				CLANG_WARN_INFINITE_RECURSION = YES;
				CLANG_WARN_INT_CONVERSION = YES;
				CLANG_WARN_NON_LITERAL_NULL_CONVERSION = YES;
				CLANG_WARN_OBJC_IMPLICIT_RETAIN_SELF = YES;
				CLANG_WARN_OBJC_LITERAL_CONVERSION = YES;
				CLANG_WARN_OBJC_ROOT_CLASS = YES_ERROR;
				CLANG_WARN_QUOTED_INCLUDE_IN_FRAMEWORK_HEADER = YES;
				CLANG_WARN_RANGE_LOOP_ANALYSIS = YES;
				CLANG_WARN_STRICT_PROTOTYPES = YES;
				CLANG_WARN_SUSPICIOUS_MOVE = YES;
				CLANG_WARN_UNGUARDED_AVAILABILITY = YES_AGGRESSIVE;
				CLANG_WARN_UNREACHABLE_CODE = YES;
				CLANG_WARN__DUPLICATE_METHOD_MATCH = YES;
				COPY_PHASE_STRIP = NO;
				DEBUG_INFORMATION_FORMAT = "dwarf-with-dsym";
				ENABLE_NS_ASSERTIONS = NO;
				ENABLE_STRICT_OBJC_MSGSEND = YES;
				GCC_C_LANGUAGE_STANDARD = gnu11;
				GCC_NO_COMMON_BLOCKS = YES;
				GCC_WARN_64_TO_32_BIT_CONVERSION = YES;
				GCC_WARN_ABOUT_RETURN_TYPE = YES_ERROR;
				GCC_WARN_UNDECLARED_SELECTOR = YES;
				GCC_WARN_UNINITIALIZED_AUTOS = YES_AGGRESSIVE;
				GCC_WARN_UNUSED_FUNCTION = YES;
				GCC_WARN_UNUSED_VARIABLE = YES;
				IPHONEOS_DEPLOYMENT_TARGET = 16.0;
				MTL_ENABLE_DEBUG_INFO = NO;
				MTL_FAST_MATH = YES;
				SDKROOT = iphoneos;
				SWIFT_COMPILATION_MODE = wholemodule;
				SWIFT_OPTIMIZATION_LEVEL = "-O";
				VALIDATE_PRODUCT = YES;
			};
			name = Release;
		};
		F0CF0B8F2AB5DBB300B28C52 /* Debug */ = {
			isa = XCBuildConfiguration;
			baseConfigurationReference = CEAE36C1BEE55CCAC09CD6D8 /* Pods-QiitaApiWithSwiftUIAlamofire.debug.xcconfig */;
			buildSettings = {
				ASSETCATALOG_COMPILER_APPICON_NAME = AppIcon;
				ASSETCATALOG_COMPILER_GLOBAL_ACCENT_COLOR_NAME = AccentColor;
				CODE_SIGN_STYLE = Automatic;
				CURRENT_PROJECT_VERSION = 1;
				DEVELOPMENT_ASSET_PATHS = "\"QiitaApiWithSwiftUIAlamofire/Preview Content\"";
				DEVELOPMENT_TEAM = WJ49BY7HRN;
				ENABLE_PREVIEWS = YES;
				GENERATE_INFOPLIST_FILE = YES;
				INFOPLIST_KEY_UIApplicationSceneManifest_Generation = YES;
				INFOPLIST_KEY_UIApplicationSupportsIndirectInputEvents = YES;
				INFOPLIST_KEY_UILaunchScreen_Generation = YES;
				INFOPLIST_KEY_UISupportedInterfaceOrientations_iPad = "UIInterfaceOrientationPortrait UIInterfaceOrientationPortraitUpsideDown UIInterfaceOrientationLandscapeLeft UIInterfaceOrientationLandscapeRight";
				INFOPLIST_KEY_UISupportedInterfaceOrientations_iPhone = "UIInterfaceOrientationPortrait UIInterfaceOrientationLandscapeLeft UIInterfaceOrientationLandscapeRight";
				LD_RUNPATH_SEARCH_PATHS = (
					"$(inherited)",
					"@executable_path/Frameworks",
				);
				MARKETING_VERSION = 1.0;
				PRODUCT_BUNDLE_IDENTIFIER = Yu.QiitaApiWithSwiftUIAlamofire;
				PRODUCT_NAME = "$(TARGET_NAME)";
				SWIFT_EMIT_LOC_STRINGS = YES;
				SWIFT_VERSION = 5.0;
				TARGETED_DEVICE_FAMILY = "1,2";
			};
			name = Debug;
		};
		F0CF0B902AB5DBB300B28C52 /* Release */ = {
			isa = XCBuildConfiguration;
			baseConfigurationReference = 644794A320FAC9C9A009BAB4 /* Pods-QiitaApiWithSwiftUIAlamofire.release.xcconfig */;
			buildSettings = {
				ASSETCATALOG_COMPILER_APPICON_NAME = AppIcon;
				ASSETCATALOG_COMPILER_GLOBAL_ACCENT_COLOR_NAME = AccentColor;
				CODE_SIGN_STYLE = Automatic;
				CURRENT_PROJECT_VERSION = 1;
				DEVELOPMENT_ASSET_PATHS = "\"QiitaApiWithSwiftUIAlamofire/Preview Content\"";
				DEVELOPMENT_TEAM = WJ49BY7HRN;
				ENABLE_PREVIEWS = YES;
				GENERATE_INFOPLIST_FILE = YES;
				INFOPLIST_KEY_UIApplicationSceneManifest_Generation = YES;
				INFOPLIST_KEY_UIApplicationSupportsIndirectInputEvents = YES;
				INFOPLIST_KEY_UILaunchScreen_Generation = YES;
				INFOPLIST_KEY_UISupportedInterfaceOrientations_iPad = "UIInterfaceOrientationPortrait UIInterfaceOrientationPortraitUpsideDown UIInterfaceOrientationLandscapeLeft UIInterfaceOrientationLandscapeRight";
				INFOPLIST_KEY_UISupportedInterfaceOrientations_iPhone = "UIInterfaceOrientationPortrait UIInterfaceOrientationLandscapeLeft UIInterfaceOrientationLandscapeRight";
				LD_RUNPATH_SEARCH_PATHS = (
					"$(inherited)",
					"@executable_path/Frameworks",
				);
				MARKETING_VERSION = 1.0;
				PRODUCT_BUNDLE_IDENTIFIER = Yu.QiitaApiWithSwiftUIAlamofire;
				PRODUCT_NAME = "$(TARGET_NAME)";
				SWIFT_EMIT_LOC_STRINGS = YES;
				SWIFT_VERSION = 5.0;
				TARGETED_DEVICE_FAMILY = "1,2";
			};
			name = Release;
		};
/* End XCBuildConfiguration section */

/* Begin XCConfigurationList section */
		F0CF0B7B2AB5DBAE00B28C52 /* Build configuration list for PBXProject "QiitaApiWithSwiftUIAlamofire" */ = {
			isa = XCConfigurationList;
			buildConfigurations = (
				F0CF0B8C2AB5DBB300B28C52 /* Debug */,
				F0CF0B8D2AB5DBB300B28C52 /* Release */,
			);
			defaultConfigurationIsVisible = 0;
			defaultConfigurationName = Release;
		};
		F0CF0B8E2AB5DBB300B28C52 /* Build configuration list for PBXNativeTarget "QiitaApiWithSwiftUIAlamofire" */ = {
			isa = XCConfigurationList;
			buildConfigurations = (
				F0CF0B8F2AB5DBB300B28C52 /* Debug */,
				F0CF0B902AB5DBB300B28C52 /* Release */,
			);
			defaultConfigurationIsVisible = 0;
			defaultConfigurationName = Release;
		};
/* End XCConfigurationList section */
	};
	rootObject = F0CF0B782AB5DBAE00B28C52 /* Project object */;
}
